
Microsoft Visual Studio Solution File, Format Version 12.00
# Visual Studio 15
VisualStudioVersion = 15.0.28307.1062
MinimumVisualStudioVersion = 10.0.40219.1
Project("{8BC9CEB8-8B4A-11D0-8D11-00A0C91BC942}") = "TP111", "TP111\TP111.vcxproj", "{75E4D937-F8C5-45F5-8E31-C3B0F4AB7A4C}"
EndProject
Project("{8BC9CEB8-8B4A-11D0-8D11-00A0C91BC942}") = "main", "main\main.vcxproj", "{AA1EDE13-72FA-4BC5-A431-37D5FF4E67D3}"
EndProject
Global
	GlobalSection(SolutionConfigurationPlatforms) = preSolution
		Debug|x64 = Debug|x64
		Debug|x86 = Debug|x86
		Release|x64 = Release|x64
		Release|x86 = Release|x86
	EndGlobalSection
	GlobalSection(ProjectConfigurationPlatforms) = postSolution
		{75E4D937-F8C5-45F5-8E31-C3B0F4AB7A4C}.Debug|x64.ActiveCfg = Debug|x64
		{75E4D937-F8C5-45F5-8E31-C3B0F4AB7A4C}.Debug|x64.Build.0 = Debug|x64
		{75E4D937-F8C5-45F5-8E31-C3B0F4AB7A4C}.Debug|x86.ActiveCfg = Debug|Win32
		{75E4D937-F8C5-45F5-8E31-C3B0F4AB7A4C}.Debug|x86.Build.0 = Debug|Win32
		{75E4D937-F8C5-45F5-8E31-C3B0F4AB7A4C}.Release|x64.ActiveCfg = Release|x64
		{75E4D937-F8C5-45F5-8E31-C3B0F4AB7A4C}.Release|x64.Build.0 = Release|x64
		{75E4D937-F8C5-45F5-8E31-C3B0F4AB7A4C}.Release|x86.ActiveCfg = Release|Win32
		{75E4D937-F8C5-45F5-8E31-C3B0F4AB7A4C}.Release|x86.Build.0 = Release|Win32
		{AA1EDE13-72FA-4BC5-A431-37D5FF4E67D3}.Debug|x64.ActiveCfg = Debug|x64
		{AA1EDE13-72FA-4BC5-A431-37D5FF4E67D3}.Debug|x64.Build.0 = Debug|x64
		{AA1EDE13-72FA-4BC5-A431-37D5FF4E67D3}.Debug|x86.ActiveCfg = Debug|Win32
		{AA1EDE13-72FA-4BC5-A431-37D5FF4E67D3}.Debug|x86.Build.0 = Debug|Win32
		{AA1EDE13-72FA-4BC5-A431-37D5FF4E67D3}.Release|x64.ActiveCfg = Release|x64
		{AA1EDE13-72FA-4BC5-A431-37D5FF4E67D3}.Release|x64.Build.0 = Release|x64
		{AA1EDE13-72FA-4BC5-A431-37D5FF4E67D3}.Release|x86.ActiveCfg = Release|Win32
		{AA1EDE13-72FA-4BC5-A431-37D5FF4E67D3}.Release|x86.Build.0 = Release|Win32
	EndGlobalSection
	GlobalSection(SolutionProperties) = preSolution
		HideSolutionNode = FALSE
	EndGlobalSection
	GlobalSection(ExtensibilityGlobals) = postSolution
		SolutionGuid = {39E35163-053A-402C-8E13-D0E1FFDCAEF2}
	EndGlobalSection
EndGlobal
